
Microsoft Visual Studio Solution File, Format Version 12.00
# Visual Studio Version 16
VisualStudioVersion = 16.0.30413.136
MinimumVisualStudioVersion = 10.0.40219.1
Project("{9A19103F-16F7-4668-BE54-9A1E7A4F7556}") = "PODReader", "PhotexTools\PODReader.csproj", "{A26B6617-B49D-4891-81DA-70AA66E8862A}"
EndProject
Global
	GlobalSection(SolutionConfigurationPlatforms) = preSolution
		Debug|Any CPU = Debug|Any CPU
		Release|Any CPU = Release|Any CPU
	EndGlobalSection
	GlobalSection(ProjectConfigurationPlatforms) = postSolution
		{A26B6617-B49D-4891-81DA-70AA66E8862A}.Debug|Any CPU.ActiveCfg = Debug|Any CPU
		{A26B6617-B49D-4891-81DA-70AA66E8862A}.Debug|Any CPU.Build.0 = Debug|Any CPU
		{A26B6617-B49D-4891-81DA-70AA66E8862A}.Release|Any CPU.ActiveCfg = Release|Any CPU
		{A26B6617-B49D-4891-81DA-70AA66E8862A}.Release|Any CPU.Build.0 = Release|Any CPU
	EndGlobalSection
	GlobalSection(SolutionProperties) = preSolution
		HideSolutionNode = FALSE
	EndGlobalSection
	GlobalSection(ExtensibilityGlobals) = postSolution
		SolutionGuid = {0AB993C5-596B-4D33-8C93-6D715E00ED85}
	EndGlobalSection
EndGlobal
